
Microsoft Visual Studio Solution File, Format Version 12.00
# Visual Studio 15
VisualStudioVersion = 15.0.27428.1
MinimumVisualStudioVersion = 10.0.40219.1
Project("{9A19103F-16F7-4668-BE54-9A1E7A4F7556}") = "TimeRegistrationDemo.Data", "TimeRegistrationDemo.Data\TimeRegistrationDemo.Data.csproj", "{353DE712-AED0-43D6-806B-B0D362EC9DE3}"
EndProject
Project("{2150E333-8FDC-42A3-9474-1A3956D46DE8}") = "TestApplications", "TestApplications", "{09B5140E-F11E-4AF5-9341-EFAC14FDABA5}"
EndProject
Project("{FAE04EC0-301F-11D3-BF4B-00C04F79EFBC}") = "TimeRegistrationDemo.WebUI", "TestApplications\TimeRegistrationDemo.WebUI\TimeRegistrationDemo.WebUI.csproj", "{875A8218-44E4-4373-9EBC-B9C0CAC90203}"
EndProject
Global
	GlobalSection(SolutionConfigurationPlatforms) = preSolution
		Debug|Any CPU = Debug|Any CPU
		Release|Any CPU = Release|Any CPU
	EndGlobalSection
	GlobalSection(ProjectConfigurationPlatforms) = postSolution
		{353DE712-AED0-43D6-806B-B0D362EC9DE3}.Debug|Any CPU.ActiveCfg = Debug|Any CPU
		{353DE712-AED0-43D6-806B-B0D362EC9DE3}.Debug|Any CPU.Build.0 = Debug|Any CPU
		{353DE712-AED0-43D6-806B-B0D362EC9DE3}.Release|Any CPU.ActiveCfg = Release|Any CPU
		{353DE712-AED0-43D6-806B-B0D362EC9DE3}.Release|Any CPU.Build.0 = Release|Any CPU
		{875A8218-44E4-4373-9EBC-B9C0CAC90203}.Debug|Any CPU.ActiveCfg = Debug|Any CPU
		{875A8218-44E4-4373-9EBC-B9C0CAC90203}.Debug|Any CPU.Build.0 = Debug|Any CPU
		{875A8218-44E4-4373-9EBC-B9C0CAC90203}.Release|Any CPU.ActiveCfg = Release|Any CPU
		{875A8218-44E4-4373-9EBC-B9C0CAC90203}.Release|Any CPU.Build.0 = Release|Any CPU
	EndGlobalSection
	GlobalSection(SolutionProperties) = preSolution
		HideSolutionNode = FALSE
	EndGlobalSection
	GlobalSection(NestedProjects) = preSolution
		{875A8218-44E4-4373-9EBC-B9C0CAC90203} = {09B5140E-F11E-4AF5-9341-EFAC14FDABA5}
	EndGlobalSection
	GlobalSection(ExtensibilityGlobals) = postSolution
		SolutionGuid = {72E85C12-DEBA-4075-BE82-20132B9A0900}
	EndGlobalSection
EndGlobal
