
Microsoft Visual Studio Solution File, Format Version 12.00
# Visual Studio 15
VisualStudioVersion = 15.0.27004.2002
MinimumVisualStudioVersion = 10.0.40219.1
Project("{9A19103F-16F7-4668-BE54-9A1E7A4F7556}") = "TimeRegistrationDemo.Data", "TimeRegistrationDemo.Data\TimeRegistrationDemo.Data.csproj", "{353DE712-AED0-43D6-806B-B0D362EC9DE3}"
EndProject
Project("{2150E333-8FDC-42A3-9474-1A3956D46DE8}") = "TestApplications", "TestApplications", "{09B5140E-F11E-4AF5-9341-EFAC14FDABA5}"
EndProject
Project("{9A19103F-16F7-4668-BE54-9A1E7A4F7556}") = "TimeRegistrationDemo.WebUI", "TestApplications\TimeRegistrationDemo.WebUI\TimeRegistrationDemo.WebUI.csproj", "{875A8218-44E4-4373-9EBC-B9C0CAC90203}"
EndProject
Project("{9A19103F-16F7-4668-BE54-9A1E7A4F7556}") = "TimeRegistrationDemo.WebApi", "TimeRegistrationDemo.WebApi\TimeRegistrationDemo.WebApi.csproj", "{9ADB8238-66A3-4174-AEDB-FCD208945AEF}"
EndProject
Project("{9A19103F-16F7-4668-BE54-9A1E7A4F7556}") = "TimeRegistrationDemo.Services", "TimeRegistrationDemo.Services\TimeRegistrationDemo.Services.csproj", "{489B64C3-3406-44EB-A168-EF0A4A087121}"
EndProject
Project("{9A19103F-16F7-4668-BE54-9A1E7A4F7556}") = "TimeRegistrationDemo.Repositories", "TimeRegistrationDemo.Repositories\TimeRegistrationDemo.Repositories.csproj", "{57CFF92B-8978-4251-BE75-652852E96083}"
EndProject
Project("{E53339B2-1760-4266-BCC7-CA923CBCF16C}") = "docker-compose", "docker-compose.dcproj", "{257D3CD6-EAB4-40B1-A15A-AF5FAFA12FAF}"
EndProject
Project("{9A19103F-16F7-4668-BE54-9A1E7A4F7556}") = "QuickstartIdentityServer", "..\Authentication\src\QuickstartIdentityServer\QuickstartIdentityServer.csproj", "{EBC8B484-F506-4DCA-8294-F06FA4EB8C01}"
EndProject
Global
	GlobalSection(SolutionConfigurationPlatforms) = preSolution
		Debug|Any CPU = Debug|Any CPU
		Release|Any CPU = Release|Any CPU
	EndGlobalSection
	GlobalSection(ProjectConfigurationPlatforms) = postSolution
		{353DE712-AED0-43D6-806B-B0D362EC9DE3}.Debug|Any CPU.ActiveCfg = Debug|Any CPU
		{353DE712-AED0-43D6-806B-B0D362EC9DE3}.Debug|Any CPU.Build.0 = Debug|Any CPU
		{353DE712-AED0-43D6-806B-B0D362EC9DE3}.Release|Any CPU.ActiveCfg = Release|Any CPU
		{353DE712-AED0-43D6-806B-B0D362EC9DE3}.Release|Any CPU.Build.0 = Release|Any CPU
		{875A8218-44E4-4373-9EBC-B9C0CAC90203}.Debug|Any CPU.ActiveCfg = Debug|Any CPU
		{875A8218-44E4-4373-9EBC-B9C0CAC90203}.Debug|Any CPU.Build.0 = Debug|Any CPU
		{875A8218-44E4-4373-9EBC-B9C0CAC90203}.Release|Any CPU.ActiveCfg = Release|Any CPU
		{875A8218-44E4-4373-9EBC-B9C0CAC90203}.Release|Any CPU.Build.0 = Release|Any CPU
		{9ADB8238-66A3-4174-AEDB-FCD208945AEF}.Debug|Any CPU.ActiveCfg = Debug|Any CPU
		{9ADB8238-66A3-4174-AEDB-FCD208945AEF}.Debug|Any CPU.Build.0 = Debug|Any CPU
		{9ADB8238-66A3-4174-AEDB-FCD208945AEF}.Release|Any CPU.ActiveCfg = Release|Any CPU
		{9ADB8238-66A3-4174-AEDB-FCD208945AEF}.Release|Any CPU.Build.0 = Release|Any CPU
		{489B64C3-3406-44EB-A168-EF0A4A087121}.Debug|Any CPU.ActiveCfg = Debug|Any CPU
		{489B64C3-3406-44EB-A168-EF0A4A087121}.Debug|Any CPU.Build.0 = Debug|Any CPU
		{489B64C3-3406-44EB-A168-EF0A4A087121}.Release|Any CPU.ActiveCfg = Release|Any CPU
		{489B64C3-3406-44EB-A168-EF0A4A087121}.Release|Any CPU.Build.0 = Release|Any CPU
		{57CFF92B-8978-4251-BE75-652852E96083}.Debug|Any CPU.ActiveCfg = Debug|Any CPU
		{57CFF92B-8978-4251-BE75-652852E96083}.Debug|Any CPU.Build.0 = Debug|Any CPU
		{57CFF92B-8978-4251-BE75-652852E96083}.Release|Any CPU.ActiveCfg = Release|Any CPU
		{57CFF92B-8978-4251-BE75-652852E96083}.Release|Any CPU.Build.0 = Release|Any CPU
		{257D3CD6-EAB4-40B1-A15A-AF5FAFA12FAF}.Debug|Any CPU.ActiveCfg = Debug|Any CPU
		{257D3CD6-EAB4-40B1-A15A-AF5FAFA12FAF}.Debug|Any CPU.Build.0 = Debug|Any CPU
		{257D3CD6-EAB4-40B1-A15A-AF5FAFA12FAF}.Release|Any CPU.ActiveCfg = Release|Any CPU
		{257D3CD6-EAB4-40B1-A15A-AF5FAFA12FAF}.Release|Any CPU.Build.0 = Release|Any CPU
		{EBC8B484-F506-4DCA-8294-F06FA4EB8C01}.Debug|Any CPU.ActiveCfg = Debug|Any CPU
		{EBC8B484-F506-4DCA-8294-F06FA4EB8C01}.Debug|Any CPU.Build.0 = Debug|Any CPU
		{EBC8B484-F506-4DCA-8294-F06FA4EB8C01}.Release|Any CPU.ActiveCfg = Release|Any CPU
		{EBC8B484-F506-4DCA-8294-F06FA4EB8C01}.Release|Any CPU.Build.0 = Release|Any CPU
	EndGlobalSection
	GlobalSection(SolutionProperties) = preSolution
		HideSolutionNode = FALSE
	EndGlobalSection
	GlobalSection(NestedProjects) = preSolution
		{875A8218-44E4-4373-9EBC-B9C0CAC90203} = {09B5140E-F11E-4AF5-9341-EFAC14FDABA5}
	EndGlobalSection
	GlobalSection(ExtensibilityGlobals) = postSolution
		SolutionGuid = {72E85C12-DEBA-4075-BE82-20132B9A0900}
	EndGlobalSection
EndGlobal
